
Microsoft Visual Studio Solution File, Format Version 12.00
# Visual Studio Version 16
VisualStudioVersion = 16.0.30804.86
MinimumVisualStudioVersion = 10.0.40219.1
Project("{FAE04EC0-301F-11D3-BF4B-00C04F79EFBC}") = "MediaMarktBot", "MediaMarktBot\MediaMarktBot.csproj", "{5A5BF325-B20C-4690-BAF9-F8A73EBB3DFA}"
EndProject
Global
	GlobalSection(SolutionConfigurationPlatforms) = preSolution
		Debug|Any CPU = Debug|Any CPU
		Release|Any CPU = Release|Any CPU
	EndGlobalSection
	GlobalSection(ProjectConfigurationPlatforms) = postSolution
		{5A5BF325-B20C-4690-BAF9-F8A73EBB3DFA}.Debug|Any CPU.ActiveCfg = Debug|Any CPU
		{5A5BF325-B20C-4690-BAF9-F8A73EBB3DFA}.Debug|Any CPU.Build.0 = Debug|Any CPU
		{5A5BF325-B20C-4690-BAF9-F8A73EBB3DFA}.Release|Any CPU.ActiveCfg = Release|Any CPU
		{5A5BF325-B20C-4690-BAF9-F8A73EBB3DFA}.Release|Any CPU.Build.0 = Release|Any CPU
	EndGlobalSection
	GlobalSection(SolutionProperties) = preSolution
		HideSolutionNode = FALSE
	EndGlobalSection
	GlobalSection(ExtensibilityGlobals) = postSolution
		SolutionGuid = {FFFB1BE2-B2FF-45DD-B572-B0CE608D4AE7}
	EndGlobalSection
EndGlobal
